{
  "name": "signal-desk",
  "lockfileVersion": 3,
  "requires": true,
  "packages": {
    "": {
      "dependencies": {
        "@tanstack/react-query": "^5.104.0",
        "lucide-react": "^1.48.0"
      }
    },
    "node_modules/@tanstack/query-core": {
      "version": "5.104.0",
      "resolved": "https://registry.npmjs.org/@tanstack/query-core/-/query-core-5.104.0.tgz",
      "integrity": "sha512-JrC2r/JQlXt7khBSdUpsgxNvybzOg+aITa+ARRMlP2AFo93Y8vIqz077rp+e61mJetSZ0T6AJbwW1JHer1vrPQ==",
      "license": "MIT",
      "funding": {
        "type": "github",
        "url": "https://github.com/sponsors/tannerlinsley"
      }
    },
    "node_modules/@tanstack/react-query": {
      "version": "5.104.0",
      "resolved": "https://registry.npmjs.org/@tanstack/react-query/-/react-query-5.104.0.tgz",
      "integrity": "sha512-e1TZmDCQnWIfiDVryIHeA6Idj+Lfx1hORLOhXS/l5wcgvtVD4yYqbTDl378sGQKIi2cSgb0TEMC9cKK8GGoJEw==",
      "license": "MIT",
      "dependencies": {
        "@tanstack/query-core": "5.104.0"
      },
      "funding": {
        "type": "github",
        "url": "https://github.com/sponsors/tannerlinsley"
      },
      "peerDependencies": {
        "react": "^18 || ^19"
      }
    },
    "node_modules/lucide-react": {
      "version": "1.48.0",
      "resolved": "https://registry.npmjs.org/lucide-react/-/lucide-react-1.48.0.tgz",
      "integrity": "sha512-R0CIKY/fXiC6y9xRBADgsK+VW2p/pcTJOMhLZf1T+uG+vJUvyUR02nGOgmIIC7MPkiNK4Ox8QDnbqF8rJYWPZQ==",
      "license": "ISC",
      "peerDependencies": {
        "react": "^16.5.1 || ^17.0.0 || ^18.0.0 || ^19.0.0"
      }
    },
    "node_modules/react": {
      "version": "19.3.0",
      "resolved": "https://registry.npmjs.org/react/-/react-19.3.0.tgz",
      "integrity": "sha512-E8LUcbtBWt20bbl2YoHfx4ZDBdxVTfOKtCZn9cDSJ4l6/nuoApcpIBcj47t2wZoVX8g2ZHuMHbiShgCR1T5Sog==",
      "license": "MIT",
      "peer": true,
      "engines": {
        "node": ">=0.10.0"
      }
    }
  }
}
